PODS:
  - AFNetworking (1.3.1)
  - BlocksKit (1.8.2):
    - libffi
  - KKGridView (0.6.8.2)
  - libffi (3.0.13)

DEPENDENCIES:
  - AFNetworking
  - BlocksKit
  - KKGridView

SPEC CHECKSUMS:
  AFNetworking: 9ec8aafb9269236a7630bd8d9838ce2ba30fa2a0
  BlocksKit: 7396526b0816734103f6133fbb1a520c8b04e80c
  KKGridView: ca91fc93e91ddbeab8b46d07af1efda289f324e7
  libffi: 64ef39353e747bb2b25e1026afd96a157bf9231c

COCOAPODS: 0.22.2
